
Microsoft Visual Studio Solution File, Format Version 12.00
# Visual Studio Version 16
VisualStudioVersion = 16.0.32002.261
MinimumVisualStudioVersion = 10.0.40219.1
Project("{FAE04EC0-301F-11D3-BF4B-00C04F79EFBC}") = "Apl_Mvc_App", "Apl_Mvc_App.csproj", "{F1C87C47-10DB-4C03-AD69-2238460994FE}"
EndProject
Global
	GlobalSection(SolutionConfigurationPlatforms) = preSolution
		Debug|Any CPU = Debug|Any CPU
		Release|Any CPU = Release|Any CPU
	EndGlobalSection
	GlobalSection(ProjectConfigurationPlatforms) = postSolution
		{F1C87C47-10DB-4C03-AD69-2238460994FE}.Debug|Any CPU.ActiveCfg = Debug|Any CPU
		{F1C87C47-10DB-4C03-AD69-2238460994FE}.Debug|Any CPU.Build.0 = Debug|Any CPU
		{F1C87C47-10DB-4C03-AD69-2238460994FE}.Release|Any CPU.ActiveCfg = Release|Any CPU
		{F1C87C47-10DB-4C03-AD69-2238460994FE}.Release|Any CPU.Build.0 = Release|Any CPU
	EndGlobalSection
	GlobalSection(SolutionProperties) = preSolution
		HideSolutionNode = FALSE
	EndGlobalSection
	GlobalSection(ExtensibilityGlobals) = postSolution
		SolutionGuid = {B4715EFC-C3C7-468B-AFBB-82F90B5D4EF1}
	EndGlobalSection
EndGlobal
